
Microsoft Visual Studio Solution File, Format Version 12.00
# Visual Studio Version 17
VisualStudioVersion = 17.6.33815.320
MinimumVisualStudioVersion = 10.0.40219.1
Project("{FAE04EC0-301F-11D3-BF4B-00C04F79EFBC}") = "BlazorApp1", "BlazorApp1.csproj", "{7056A62A-7366-4744-9DEA-A6A4B1A21F5C}"
EndProject
Global
	GlobalSection(SolutionConfigurationPlatforms) = preSolution
		Debug|Any CPU = Debug|Any CPU
		Release|Any CPU = Release|Any CPU
	EndGlobalSection
	GlobalSection(ProjectConfigurationPlatforms) = postSolution
		{7056A62A-7366-4744-9DEA-A6A4B1A21F5C}.Debug|Any CPU.ActiveCfg = Debug|Any CPU
		{7056A62A-7366-4744-9DEA-A6A4B1A21F5C}.Debug|Any CPU.Build.0 = Debug|Any CPU
		{7056A62A-7366-4744-9DEA-A6A4B1A21F5C}.Release|Any CPU.ActiveCfg = Release|Any CPU
		{7056A62A-7366-4744-9DEA-A6A4B1A21F5C}.Release|Any CPU.Build.0 = Release|Any CPU
	EndGlobalSection
	GlobalSection(SolutionProperties) = preSolution
		HideSolutionNode = FALSE
	EndGlobalSection
	GlobalSection(ExtensibilityGlobals) = postSolution
		SolutionGuid = {2329E193-7FF7-473A-9BC6-FE7C2823F434}
	EndGlobalSection
EndGlobal
